# This file was autogenerated by uv via the following command:
#    uv pip compile C:\Users\navib\Desktop\development\Archium-Agent\pyproject.toml --python-version 3.11 -o C:\Users\navib\Desktop\development\Archium-Agent\requirements\base.lock
annotated-types==0.7.0
    # via pydantic
greenlet==3.5.4
    # via sqlalchemy
pydantic==2.13.4
    # via
    #   archium-agent (pyproject.toml)
    #   pydantic-settings
pydantic-core==2.46.4
    # via pydantic
pydantic-settings==2.14.2
    # via archium-agent (pyproject.toml)
python-dotenv==1.2.2
    # via
    #   archium-agent (pyproject.toml)
    #   pydantic-settings
sqlalchemy==2.0.51
    # via archium-agent (pyproject.toml)
typing-extensions==4.16.0
    # via
    #   pydantic
    #   pydantic-core
    #   sqlalchemy
    #   typing-inspection
typing-inspection==0.4.2
    # via
    #   pydantic
    #   pydantic-settings
